
Microsoft Visual Studio Solution File, Format Version 12.00
# Visual Studio Version 17
VisualStudioVersion = 17.11.35312.102
MinimumVisualStudioVersion = 10.0.40219.1
Project("{FAE04EC0-301F-11D3-BF4B-00C04F79EFBC}") = "CircularDominoChain", "CircularDominoChain\CircularDominoChain.csproj", "{7A01844F-9B59-4038-8D5C-E26C1904EB18}"
EndProject
Project("{FAE04EC0-301F-11D3-BF4B-00C04F79EFBC}") = "CircularDominoChainTests", "CircularDominoChainTests\CircularDominoChainTests.csproj", "{7687E011-9897-46DE-BBF5-B7CFFE270D73}"
EndProject
Global
	GlobalSection(SolutionConfigurationPlatforms) = preSolution
		Debug|Any CPU = Debug|Any CPU
		Release|Any CPU = Release|Any CPU
	EndGlobalSection
	GlobalSection(ProjectConfigurationPlatforms) = postSolution
		{7A01844F-9B59-4038-8D5C-E26C1904EB18}.Debug|Any CPU.ActiveCfg = Debug|Any CPU
		{7A01844F-9B59-4038-8D5C-E26C1904EB18}.Debug|Any CPU.Build.0 = Debug|Any CPU
		{7A01844F-9B59-4038-8D5C-E26C1904EB18}.Release|Any CPU.ActiveCfg = Release|Any CPU
		{7A01844F-9B59-4038-8D5C-E26C1904EB18}.Release|Any CPU.Build.0 = Release|Any CPU
		{7687E011-9897-46DE-BBF5-B7CFFE270D73}.Debug|Any CPU.ActiveCfg = Debug|Any CPU
		{7687E011-9897-46DE-BBF5-B7CFFE270D73}.Debug|Any CPU.Build.0 = Debug|Any CPU
		{7687E011-9897-46DE-BBF5-B7CFFE270D73}.Release|Any CPU.ActiveCfg = Release|Any CPU
		{7687E011-9897-46DE-BBF5-B7CFFE270D73}.Release|Any CPU.Build.0 = Release|Any CPU
	EndGlobalSection
	GlobalSection(SolutionProperties) = preSolution
		HideSolutionNode = FALSE
	EndGlobalSection
	GlobalSection(ExtensibilityGlobals) = postSolution
		SolutionGuid = {0BF923CE-912E-4165-9D82-5B10A428EC43}
	EndGlobalSection
EndGlobal
